{
    "_readme": [
        "This file locks the dependencies of your project to a known state",
        "Read more about it at http://getcomposer.org/doc/01-basic-usage.md#composer-lock-the-lock-file"
    ],
    "hash": "51fa7a1ca78102478c56ad299dede75b",
    "packages": [
        {
            "name": "joomla/application",
            "version": "1.0-beta3",
            "target-dir": "Joomla/Application",
            "source": {
                "type": "git",
                "url": "https://github.com/joomla/joomla-framework-application.git",
                "reference": "f2dd7eaf2326299347b5a9a573a8f69706455aab"
            },
            "dist": {
                "type": "zip",
                "url": "https://api.github.com/repos/joomla/joomla-framework-application/zipball/f2dd7eaf2326299347b5a9a573a8f69706455aab",
                "reference": "f2dd7eaf2326299347b5a9a573a8f69706455aab",
                "shasum": ""
            },
            "require": {
                "joomla/filesystem": "1.0-beta3",
                "joomla/input": "1.0-beta3",
                "joomla/registry": "1.0-beta3",
                "joomla/session": "1.0-beta3",
                "joomla/string": "1.0-beta3",
                "joomla/uri": "1.0-beta3",
                "php": ">=5.3.10",
                "psr/log": "~1.0"
            },
            "require-dev": {
                "joomla/controller": "1.0-beta3",
                "joomla/test": "1.0-beta3"
            },
            "type": "joomla-package",
            "autoload": {
                "psr-0": {
                    "Joomla\\Application": ""
                }
            },
            "notification-url": "https://packagist.org/downloads/",
            "license": [
                "GPL-2.0+"
            ],
            "description": "Joomla Application Package",
            "homepage": "https://github.com/joomla/joomla-framework-application",
            "keywords": [
                "application",
                "framework",
                "joomla"
            ],
            "time": "2013-10-22 15:24:58"
        },
        {
            "name": "joomla/compat",
            "version": "1.0-beta3",
            "target-dir": "Joomla/Compat",
            "source": {
                "type": "git",
                "url": "https://github.com/joomla/joomla-framework-compat.git",
                "reference": "c59ff64cb3ee068c22aedfaab8fe4888f63376d3"
            },
            "dist": {
                "type": "zip",
                "url": "https://api.github.com/repos/joomla/joomla-framework-compat/zipball/c59ff64cb3ee068c22aedfaab8fe4888f63376d3",
                "reference": "c59ff64cb3ee068c22aedfaab8fe4888f63376d3",
                "shasum": ""
            },
            "require": {
                "php": ">=5.3.10"
            },
            "type": "joomla-package",
            "autoload": {
                "classmap": [
                    "JsonSerializable.php"
                ]
            },
            "notification-url": "https://packagist.org/downloads/",
            "license": [
                "GPL-2.0+"
            ],
            "description": "Joomla Compat Package",
            "homepage": "https://github.com/joomla/joomla-framework-compat",
            "keywords": [
                "compat",
                "framework",
                "joomla"
            ],
            "time": "2013-05-15 03:30:25"
        },
        {
            "name": "joomla/database",
            "version": "1.0-beta3",
            "target-dir": "Joomla/Database",
            "source": {
                "type": "git",
                "url": "https://github.com/joomla/joomla-framework-database.git",
                "reference": "ba3400361ca3062eff93aa4061386b480355b307"
            },
            "dist": {
                "type": "zip",
                "url": "https://api.github.com/repos/joomla/joomla-framework-database/zipball/ba3400361ca3062eff93aa4061386b480355b307",
                "reference": "ba3400361ca3062eff93aa4061386b480355b307",
                "shasum": ""
            },
            "require": {
                "php": ">=5.3.10",
                "psr/log": "~1.0"
            },
            "require-dev": {
                "joomla/test": "1.0-beta3"
            },
            "type": "joomla-package",
            "autoload": {
                "psr-0": {
                    "Joomla\\Database": ""
                }
            },
            "notification-url": "https://packagist.org/downloads/",
            "license": [
                "GPL-2.0+"
            ],
            "description": "Joomla Database Package",
            "homepage": "https://github.com/joomla/joomla-framework-database",
            "keywords": [
                "database",
                "framework",
                "joomla"
            ],
            "time": "2013-10-22 15:24:58"
        },
        {
            "name": "joomla/date",
            "version": "1.0-beta3",
            "target-dir": "Joomla/Date",
            "source": {
                "type": "git",
                "url": "https://github.com/joomla/joomla-framework-date.git",
                "reference": "5cce1df3f5ad26ebbcfb002082cadac2097da70d"
            },
            "dist": {
                "type": "zip",
                "url": "https://api.github.com/repos/joomla/joomla-framework-date/zipball/5cce1df3f5ad26ebbcfb002082cadac2097da70d",
                "reference": "5cce1df3f5ad26ebbcfb002082cadac2097da70d",
                "shasum": ""
            },
            "require": {
                "php": ">=5.3.10"
            },
            "type": "joomla-package",
            "autoload": {
                "psr-0": {
                    "Joomla\\Date": ""
                }
            },
            "notification-url": "https://packagist.org/downloads/",
            "license": [
                "GPL-2.0+"
            ],
            "description": "Joomla Date Package",
            "homepage": "https://github.com/joomla/joomla-framework-date",
            "keywords": [
                "date",
                "framework",
                "joomla"
            ],
            "time": "2013-06-04 04:05:30"
        },
        {
            "name": "joomla/di",
            "version": "1.0-beta3",
            "target-dir": "Joomla/DI",
            "source": {
                "type": "git",
                "url": "https://github.com/joomla/joomla-framework-di.git",
                "reference": "3b6a9aefb1665f7561822a03089ee5aaa31da68a"
            },
            "dist": {
                "type": "zip",
                "url": "https://api.github.com/repos/joomla/joomla-framework-di/zipball/3b6a9aefb1665f7561822a03089ee5aaa31da68a",
                "reference": "3b6a9aefb1665f7561822a03089ee5aaa31da68a",
                "shasum": ""
            },
            "require": {
                "php": ">=5.3.10"
            },
            "type": "joomla-package",
            "autoload": {
                "psr-0": {
                    "Joomla\\DI": ""
                }
            },
            "notification-url": "https://packagist.org/downloads/",
            "license": [
                "GPL-2.0+"
            ],
            "description": "Joomla DI Package",
            "homepage": "https://github.com/joomla/joomla-framework-di",
            "keywords": [
                "container",
                "dependency injection",
                "di",
                "framework",
                "ioc",
                "joomla"
            ],
            "time": "2013-09-04 20:34:04"
        },
        {
            "name": "joomla/filesystem",
            "version": "1.0-beta3",
            "target-dir": "Joomla/Filesystem",
            "source": {
                "type": "git",
                "url": "https://github.com/joomla/joomla-framework-filesystem.git",
                "reference": "0e48b3038eaf0e33a02428434ce83c3016a88848"
            },
            "dist": {
                "type": "zip",
                "url": "https://api.github.com/repos/joomla/joomla-framework-filesystem/zipball/0e48b3038eaf0e33a02428434ce83c3016a88848",
                "reference": "0e48b3038eaf0e33a02428434ce83c3016a88848",
                "shasum": ""
            },
            "require": {
                "joomla/log": "1.0-beta3",
                "php": ">=5.3.10"
            },
            "type": "joomla-package",
            "autoload": {
                "psr-0": {
                    "Joomla\\Filesystem": ""
                }
            },
            "notification-url": "https://packagist.org/downloads/",
            "license": [
                "GPL-2.0+"
            ],
            "description": "Joomla Filesystem Package",
            "homepage": "https://github.com/joomla/joomla-framework-filesystem",
            "keywords": [
                "filesystem",
                "framework",
                "joomla"
            ],
            "time": "2013-10-22 15:24:58"
        },
        {
            "name": "joomla/filter",
            "version": "1.0-beta3",
            "target-dir": "Joomla/Filter",
            "source": {
                "type": "git",
                "url": "https://github.com/joomla/joomla-framework-filter.git",
                "reference": "95addcf3d17247b7211da377982090482095eaa3"
            },
            "dist": {
                "type": "zip",
                "url": "https://api.github.com/repos/joomla/joomla-framework-filter/zipball/95addcf3d17247b7211da377982090482095eaa3",
                "reference": "95addcf3d17247b7211da377982090482095eaa3",
                "shasum": ""
            },
            "require": {
                "joomla/string": "1.0-beta3",
                "php": ">=5.3.10"
            },
            "require-dev": {
                "joomla/language": "1.0-beta3"
            },
            "suggest": {
                "joomla/language": "Required only if you want to use `OutputFilter::stringURLSafe`."
            },
            "type": "joomla-package",
            "autoload": {
                "psr-0": {
                    "Joomla\\Filter": ""
                }
            },
            "notification-url": "https://packagist.org/downloads/",
            "license": [
                "GPL-2.0+"
            ],
            "description": "Joomla Filter Package",
            "homepage": "https://github.com/joomla/joomla-framework-filter",
            "keywords": [
                "filter",
                "framework",
                "joomla"
            ],
            "time": "2013-10-22 15:24:58"
        },
        {
            "name": "joomla/github",
            "version": "1.0-beta3",
            "target-dir": "Joomla/Github",
            "source": {
                "type": "git",
                "url": "https://github.com/joomla/joomla-framework-github.git",
                "reference": "d4b233affef4350e4857786f70dce1db6e26c1ea"
            },
            "dist": {
                "type": "zip",
                "url": "https://api.github.com/repos/joomla/joomla-framework-github/zipball/d4b233affef4350e4857786f70dce1db6e26c1ea",
                "reference": "d4b233affef4350e4857786f70dce1db6e26c1ea",
                "shasum": ""
            },
            "require": {
                "joomla/date": "1.0-beta3",
                "joomla/http": "1.0-beta3",
                "joomla/registry": "1.0-beta3",
                "joomla/uri": "1.0-beta3",
                "php": ">=5.3.10"
            },
            "type": "joomla-package",
            "autoload": {
                "psr-0": {
                    "Joomla\\Github": ""
                }
            },
            "notification-url": "https://packagist.org/downloads/",
            "license": [
                "GPL-2.0+"
            ],
            "description": "Joomla Github Package",
            "homepage": "https://github.com/joomla/joomla-framework-github",
            "keywords": [
                "framework",
                "github",
                "joomla"
            ],
            "time": "2013-10-22 15:24:58"
        },
        {
            "name": "joomla/http",
            "version": "1.0-beta3",
            "target-dir": "Joomla/Http",
            "source": {
                "type": "git",
                "url": "https://github.com/joomla/joomla-framework-http.git",
                "reference": "d5364e902a121defcc4b7c9aeb3f3f77da6fae9c"
            },
            "dist": {
                "type": "zip",
                "url": "https://api.github.com/repos/joomla/joomla-framework-http/zipball/d5364e902a121defcc4b7c9aeb3f3f77da6fae9c",
                "reference": "d5364e902a121defcc4b7c9aeb3f3f77da6fae9c",
                "shasum": ""
            },
            "require": {
                "joomla/registry": "1.0-beta3",
                "joomla/uri": "1.0-beta3",
                "php": ">=5.3.10"
            },
            "type": "joomla-package",
            "autoload": {
                "psr-0": {
                    "Joomla\\Http": ""
                }
            },
            "notification-url": "https://packagist.org/downloads/",
            "license": [
                "GPL-2.0+"
            ],
            "description": "Joomla HTTP Package",
            "homepage": "https://github.com/joomla/joomla-framework-http",
            "keywords": [
                "framework",
                "http",
                "joomla"
            ],
            "time": "2013-10-22 15:24:58"
        },
        {
            "name": "joomla/input",
            "version": "1.0-beta3",
            "target-dir": "Joomla/Input",
            "source": {
                "type": "git",
                "url": "https://github.com/joomla/joomla-framework-input.git",
                "reference": "2140b1f3837ce32a4874588995deb10ad86c94ad"
            },
            "dist": {
                "type": "zip",
                "url": "https://api.github.com/repos/joomla/joomla-framework-input/zipball/2140b1f3837ce32a4874588995deb10ad86c94ad",
                "reference": "2140b1f3837ce32a4874588995deb10ad86c94ad",
                "shasum": ""
            },
            "require": {
                "joomla/filter": "1.0-beta3",
                "php": ">=5.3.10"
            },
            "require-dev": {
                "joomla/test": "1.0-beta3"
            },
            "type": "joomla-package",
            "autoload": {
                "psr-0": {
                    "Joomla\\Input": ""
                }
            },
            "notification-url": "https://packagist.org/downloads/",
            "license": [
                "GPL-2.0+"
            ],
            "description": "Joomla Input Package",
            "homepage": "https://github.com/joomla/joomla-framework-input",
            "keywords": [
                "framework",
                "input",
                "joomla"
            ],
            "time": "2013-10-22 15:24:58"
        },
        {
            "name": "joomla/log",
            "version": "1.0-beta3",
            "target-dir": "Joomla/Log",
            "source": {
                "type": "git",
                "url": "https://github.com/joomla/joomla-framework-log.git",
                "reference": "fb83ca5a0610076b675378cfe3abc0e61d987f79"
            },
            "dist": {
                "type": "zip",
                "url": "https://api.github.com/repos/joomla/joomla-framework-log/zipball/fb83ca5a0610076b675378cfe3abc0e61d987f79",
                "reference": "fb83ca5a0610076b675378cfe3abc0e61d987f79",
                "shasum": ""
            },
            "require": {
                "joomla/date": "1.0-beta3",
                "joomla/filesystem": "1.0-beta3",
                "php": ">=5.3.10"
            },
            "require-dev": {
                "joomla/database": "1.0-beta3",
                "joomla/test": "1.0-beta3"
            },
            "type": "joomla-package",
            "autoload": {
                "psr-0": {
                    "Joomla\\Log": ""
                }
            },
            "notification-url": "https://packagist.org/downloads/",
            "license": [
                "GPL-2.0+"
            ],
            "description": "Joomla Log Package",
            "homepage": "https://github.com/joomla/joomla-framework-log",
            "keywords": [
                "framework",
                "joomla",
                "log"
            ],
            "time": "2013-10-22 15:24:58"
        },
        {
            "name": "joomla/model",
            "version": "1.0-beta3",
            "target-dir": "Joomla/Model",
            "source": {
                "type": "git",
                "url": "https://github.com/joomla/joomla-framework-model.git",
                "reference": "c9b6d5bf0acbc4d3de9ad942532698e772d1724e"
            },
            "dist": {
                "type": "zip",
                "url": "https://api.github.com/repos/joomla/joomla-framework-model/zipball/c9b6d5bf0acbc4d3de9ad942532698e772d1724e",
                "reference": "c9b6d5bf0acbc4d3de9ad942532698e772d1724e",
                "shasum": ""
            },
            "require": {
                "joomla/database": "1.0-beta3",
                "joomla/registry": "1.0-beta3",
                "php": ">=5.3.10"
            },
            "require-dev": {
                "joomla/test": "1.0-beta3"
            },
            "type": "joomla-package",
            "autoload": {
                "psr-0": {
                    "Joomla\\Model": ""
                }
            },
            "notification-url": "https://packagist.org/downloads/",
            "license": [
                "GPL-2.0+"
            ],
            "description": "Joomla Model Package",
            "homepage": "https://github.com/joomla/joomla-framework-model",
            "keywords": [
                "framework",
                "joomla",
                "model"
            ],
            "time": "2013-10-22 15:24:58"
        },
        {
            "name": "joomla/registry",
            "version": "1.0-beta3",
            "target-dir": "Joomla/Registry",
            "source": {
                "type": "git",
                "url": "https://github.com/joomla/joomla-framework-registry.git",
                "reference": "fd589290b77e5bf98049b3738cb2258e063a796c"
            },
            "dist": {
                "type": "zip",
                "url": "https://api.github.com/repos/joomla/joomla-framework-registry/zipball/fd589290b77e5bf98049b3738cb2258e063a796c",
                "reference": "fd589290b77e5bf98049b3738cb2258e063a796c",
                "shasum": ""
            },
            "require": {
                "joomla/compat": "1.0-beta3",
                "joomla/utilities": "1.0-beta3",
                "php": ">=5.3.10"
            },
            "require-dev": {
                "joomla/test": "1.0-beta3",
                "symfony/yaml": "~2.0"
            },
            "suggest": {
                "symfony/yaml": "Install 2.* if you require YAML support."
            },
            "type": "joomla-package",
            "autoload": {
                "psr-0": {
                    "Joomla\\Registry": ""
                }
            },
            "notification-url": "https://packagist.org/downloads/",
            "license": [
                "GPL-2.0+"
            ],
            "description": "Joomla Registry Package",
            "homepage": "https://github.com/joomla/joomla-framework-registry",
            "keywords": [
                "framework",
                "joomla",
                "registry"
            ],
            "time": "2013-10-22 15:24:58"
        },
        {
            "name": "joomla/session",
            "version": "1.0-beta3",
            "target-dir": "Joomla/Session",
            "source": {
                "type": "git",
                "url": "https://github.com/joomla/joomla-framework-session.git",
                "reference": "67f54b23bd13cd381f640db633c75b52f6619ee5"
            },
            "dist": {
                "type": "zip",
                "url": "https://api.github.com/repos/joomla/joomla-framework-session/zipball/67f54b23bd13cd381f640db633c75b52f6619ee5",
                "reference": "67f54b23bd13cd381f640db633c75b52f6619ee5",
                "shasum": ""
            },
            "require": {
                "joomla/filter": "1.0-beta3",
                "php": ">=5.3.10"
            },
            "suggest": {
                "joomla/database": "Install joomla/database if you want to use Database session storage."
            },
            "type": "joomla-package",
            "autoload": {
                "psr-0": {
                    "Joomla\\Session": ""
                }
            },
            "notification-url": "https://packagist.org/downloads/",
            "license": [
                "GPL-2.0+"
            ],
            "description": "Joomla Session Package",
            "homepage": "https://github.com/joomla/joomla-framework-session",
            "keywords": [
                "framework",
                "joomla",
                "session"
            ],
            "time": "2013-10-22 15:24:58"
        },
        {
            "name": "joomla/string",
            "version": "1.0-beta3",
            "target-dir": "Joomla/String",
            "source": {
                "type": "git",
                "url": "https://github.com/joomla/joomla-framework-string.git",
                "reference": "fb14ea9c578bd4111a2d8caae85c6604da1532a2"
            },
            "dist": {
                "type": "zip",
                "url": "https://api.github.com/repos/joomla/joomla-framework-string/zipball/fb14ea9c578bd4111a2d8caae85c6604da1532a2",
                "reference": "fb14ea9c578bd4111a2d8caae85c6604da1532a2",
                "shasum": ""
            },
            "require": {
                "php": ">=5.3.10"
            },
            "type": "joomla-package",
            "autoload": {
                "psr-0": {
                    "Joomla\\String": ""
                }
            },
            "notification-url": "https://packagist.org/downloads/",
            "license": [
                "GPL-2.0+"
            ],
            "description": "Joomla String Package",
            "homepage": "https://github.com/joomla/joomla-framework-string",
            "keywords": [
                "framework",
                "joomla",
                "string"
            ],
            "time": "2013-10-21 04:17:03"
        },
        {
            "name": "joomla/uri",
            "version": "1.0-beta3",
            "target-dir": "Joomla/Uri",
            "source": {
                "type": "git",
                "url": "https://github.com/joomla/joomla-framework-uri.git",
                "reference": "9e77c6faf7b94e7299e7c4d95bec81dcc258a952"
            },
            "dist": {
                "type": "zip",
                "url": "https://api.github.com/repos/joomla/joomla-framework-uri/zipball/9e77c6faf7b94e7299e7c4d95bec81dcc258a952",
                "reference": "9e77c6faf7b94e7299e7c4d95bec81dcc258a952",
                "shasum": ""
            },
            "require": {
                "php": ">=5.3.10"
            },
            "type": "joomla-package",
            "autoload": {
                "psr-0": {
                    "Joomla\\Uri": ""
                }
            },
            "notification-url": "https://packagist.org/downloads/",
            "license": [
                "GPL-2.0+"
            ],
            "description": "Joomla Uri Package",
            "homepage": "https://github.com/joomla/joomla-framework-uri",
            "keywords": [
                "framework",
                "joomla",
                "uri"
            ],
            "time": "2013-10-22 01:45:33"
        },
        {
            "name": "joomla/utilities",
            "version": "1.0-beta3",
            "target-dir": "Joomla/Utilities",
            "source": {
                "type": "git",
                "url": "https://github.com/joomla/joomla-framework-utilities.git",
                "reference": "176b24aa04a13deb269ccb77388b84a88fce603e"
            },
            "dist": {
                "type": "zip",
                "url": "https://api.github.com/repos/joomla/joomla-framework-utilities/zipball/176b24aa04a13deb269ccb77388b84a88fce603e",
                "reference": "176b24aa04a13deb269ccb77388b84a88fce603e",
                "shasum": ""
            },
            "require": {
                "joomla/string": "1.0-beta3",
                "php": ">=5.3.10"
            },
            "type": "joomla-package",
            "autoload": {
                "psr-0": {
                    "Joomla\\Utilities": ""
                }
            },
            "notification-url": "https://packagist.org/downloads/",
            "license": [
                "GPL-2.0+"
            ],
            "description": "Joomla Utilities Package",
            "homepage": "https://github.com/joomla/joomla-framework-utilities",
            "keywords": [
                "framework",
                "joomla",
                "utilities"
            ],
            "time": "2013-10-22 15:24:58"
        },
        {
            "name": "monolog/monolog",
            "version": "1.7.0",
            "source": {
                "type": "git",
                "url": "https://github.com/Seldaek/monolog.git",
                "reference": "6225b22de9dcf36546be3a0b2fa8e3d986153f57"
            },
            "dist": {
                "type": "zip",
                "url": "https://api.github.com/repos/Seldaek/monolog/zipball/6225b22de9dcf36546be3a0b2fa8e3d986153f57",
                "reference": "6225b22de9dcf36546be3a0b2fa8e3d986153f57",
                "shasum": ""
            },
            "require": {
                "php": ">=5.3.0",
                "psr/log": "~1.0"
            },
            "require-dev": {
                "aws/aws-sdk-php": "~2.4.8",
                "doctrine/couchdb": "dev-master",
                "mlehner/gelf-php": "1.0.*",
                "phpunit/phpunit": "~3.7.0",
                "raven/raven": "0.5.*",
                "ruflin/elastica": "0.90.*"
            },
            "suggest": {
                "aws/aws-sdk-php": "Allow sending log messages to AWS services like DynamoDB",
                "doctrine/couchdb": "Allow sending log messages to a CouchDB server",
                "ext-amqp": "Allow sending log messages to an AMQP server (1.0+ required)",
                "ext-mongo": "Allow sending log messages to a MongoDB server",
                "mlehner/gelf-php": "Allow sending log messages to a GrayLog2 server",
                "raven/raven": "Allow sending log messages to a Sentry server",
                "ruflin/elastica": "Allow sending log messages to an Elastic Search server"
            },
            "type": "library",
            "extra": {
                "branch-alias": {
                    "dev-master": "1.7.x-dev"
                }
            },
            "autoload": {
                "psr-0": {
                    "Monolog": "src/"
                }
            },
            "notification-url": "https://packagist.org/downloads/",
            "license": [
                "MIT"
            ],
            "authors": [
                {
                    "name": "Jordi Boggiano",
                    "email": "j.boggiano@seld.be",
                    "homepage": "http://seld.be",
                    "role": "Developer"
                }
            ],
            "description": "Sends your logs to files, sockets, inboxes, databases and various web services",
            "homepage": "http://github.com/Seldaek/monolog",
            "keywords": [
                "log",
                "logging",
                "psr-3"
            ],
            "time": "2013-11-14 19:48:31"
        },
        {
            "name": "psr/log",
            "version": "1.0.0",
            "source": {
                "type": "git",
                "url": "https://github.com/php-fig/log",
                "reference": "1.0.0"
            },
            "dist": {
                "type": "zip",
                "url": "https://github.com/php-fig/log/archive/1.0.0.zip",
                "reference": "1.0.0",
                "shasum": ""
            },
            "type": "library",
            "autoload": {
                "psr-0": {
                    "Psr\\Log\\": ""
                }
            },
            "notification-url": "https://packagist.org/downloads/",
            "license": [
                "MIT"
            ],
            "authors": [
                {
                    "name": "PHP-FIG",
                    "homepage": "http://www.php-fig.org/"
                }
            ],
            "description": "Common interface for logging libraries",
            "keywords": [
                "log",
                "psr",
                "psr-3"
            ],
            "time": "2012-12-21 11:40:51"
        }
    ],
    "packages-dev": [

    ],
    "aliases": [

    ],
    "minimum-stability": "beta",
    "stability-flags": [

    ],
    "platform": [

    ],
    "platform-dev": [

    ]
}
